
Microsoft Visual Studio Solution File, Format Version 12.00
# Visual Studio Version 16
VisualStudioVersion = 16.0.30711.63
MinimumVisualStudioVersion = 10.0.40219.1
Project("{9A19103F-16F7-4668-BE54-9A1E7A4F7556}") = "TravelPlanner", "TravelPlanner\TravelPlanner.csproj", "{1B1EEDAF-7715-4579-8A4D-900049106776}"
EndProject
Project("{FAE04EC0-301F-11D3-BF4B-00C04F79EFBC}") = "TravelPlannerUnitTests", "UnitTestProject1\TravelPlannerUnitTests.csproj", "{BEEDDECD-8229-4628-AADC-FD707774336A}"
EndProject
Global
	GlobalSection(SolutionConfigurationPlatforms) = preSolution
		Debug|Any CPU = Debug|Any CPU
		Release|Any CPU = Release|Any CPU
	EndGlobalSection
	GlobalSection(ProjectConfigurationPlatforms) = postSolution
		{1B1EEDAF-7715-4579-8A4D-900049106776}.Debug|Any CPU.ActiveCfg = Debug|Any CPU
		{1B1EEDAF-7715-4579-8A4D-900049106776}.Debug|Any CPU.Build.0 = Debug|Any CPU
		{1B1EEDAF-7715-4579-8A4D-900049106776}.Release|Any CPU.ActiveCfg = Release|Any CPU
		{1B1EEDAF-7715-4579-8A4D-900049106776}.Release|Any CPU.Build.0 = Release|Any CPU
		{BEEDDECD-8229-4628-AADC-FD707774336A}.Debug|Any CPU.ActiveCfg = Debug|Any CPU
		{BEEDDECD-8229-4628-AADC-FD707774336A}.Debug|Any CPU.Build.0 = Debug|Any CPU
		{BEEDDECD-8229-4628-AADC-FD707774336A}.Release|Any CPU.ActiveCfg = Release|Any CPU
		{BEEDDECD-8229-4628-AADC-FD707774336A}.Release|Any CPU.Build.0 = Release|Any CPU
	EndGlobalSection
	GlobalSection(SolutionProperties) = preSolution
		HideSolutionNode = FALSE
	EndGlobalSection
	GlobalSection(ExtensibilityGlobals) = postSolution
		SolutionGuid = {8FBFA3EB-691C-4B25-A59F-D07249FE5E46}
	EndGlobalSection
EndGlobal
